
Microsoft Visual Studio Solution File, Format Version 12.00
Project("{FAE04EC0-301F-11D3-BF4B-00C04F79EFBC}") = "Engine", "Engine.csproj", "{4D81E22E-3273-4F61-A307-242650CEEB0B}"
EndProject
Global
	GlobalSection(SolutionConfigurationPlatforms) = preSolution
		Debug|Any CPU = Debug|Any CPU
		Release|Any CPU = Release|Any CPU
	EndGlobalSection
	GlobalSection(ProjectConfigurationPlatforms) = postSolution
		{4D81E22E-3273-4F61-A307-242650CEEB0B}.Debug|Any CPU.ActiveCfg = Debug|Any CPU
		{4D81E22E-3273-4F61-A307-242650CEEB0B}.Debug|Any CPU.Build.0 = Debug|Any CPU
		{4D81E22E-3273-4F61-A307-242650CEEB0B}.Release|Any CPU.ActiveCfg = Release|Any CPU
		{4D81E22E-3273-4F61-A307-242650CEEB0B}.Release|Any CPU.Build.0 = Release|Any CPU
	EndGlobalSection
EndGlobal
